
Microsoft Visual Studio Solution File, Format Version 12.00
# Visual Studio 2013
VisualStudioVersion = 12.0.21005.1
MinimumVisualStudioVersion = 10.0.40219.1
Project("{8BC9CEB8-8B4A-11D0-8D11-00A0C91BC942}") = "Cobalt Engine", "..\..\Cobalt Engine\Source\Cobalt Engine.vcxproj", "{102E8513-7186-4219-BFF6-BAD0C0FCC489}"
EndProject
Project("{8BC9CEB8-8B4A-11D0-8D11-00A0C91BC942}") = "City Protectors", "City Protectors\City Protectors.vcxproj", "{60F74C52-70C4-4F76-A4E7-6F11F0F1530B}"
	ProjectSection(ProjectDependencies) = postProject
		{102E8513-7186-4219-BFF6-BAD0C0FCC489} = {102E8513-7186-4219-BFF6-BAD0C0FCC489}
	EndProjectSection
EndProject
Global
	GlobalSection(SolutionConfigurationPlatforms) = preSolution
		Debug|Win32 = Debug|Win32
		Release|Win32 = Release|Win32
	EndGlobalSection
	GlobalSection(ProjectConfigurationPlatforms) = postSolution
		{102E8513-7186-4219-BFF6-BAD0C0FCC489}.Debug|Win32.ActiveCfg = Debug|Win32
		{102E8513-7186-4219-BFF6-BAD0C0FCC489}.Debug|Win32.Build.0 = Debug|Win32
		{102E8513-7186-4219-BFF6-BAD0C0FCC489}.Release|Win32.ActiveCfg = Release|Win32
		{102E8513-7186-4219-BFF6-BAD0C0FCC489}.Release|Win32.Build.0 = Release|Win32
		{60F74C52-70C4-4F76-A4E7-6F11F0F1530B}.Debug|Win32.ActiveCfg = Debug|Win32
		{60F74C52-70C4-4F76-A4E7-6F11F0F1530B}.Debug|Win32.Build.0 = Debug|Win32
		{60F74C52-70C4-4F76-A4E7-6F11F0F1530B}.Release|Win32.ActiveCfg = Release|Win32
		{60F74C52-70C4-4F76-A4E7-6F11F0F1530B}.Release|Win32.Build.0 = Release|Win32
	EndGlobalSection
	GlobalSection(SolutionProperties) = preSolution
		HideSolutionNode = FALSE
	EndGlobalSection
EndGlobal
