<?xml version="1.0" encoding="utf-8"?>
<Project ToolsVersion="4.0" xmlns="http://schemas.microsoft.com/developer/msbuild/2003">
  <ItemGroup>
    <ClInclude Include="Include\WindowsApp.h">
      <Filter>Application Layer\Windows</Filter>
    </ClInclude>
    <ClInclude Include="Include\EngineStd.h" />
    <ClInclude Include="Include\interfaces.h" />
    <ClInclude Include="Include\Random.h">
      <Filter>Utilities</Filter>
    </ClInclude>
    <ClInclude Include="Include\StringUtil.h">
      <Filter>Utilities</Filter>
    </ClInclude>
    <ClInclude Include="Include\GameObject.h">
      <Filter>Game Objects</Filter>
    </ClInclude>
    <ClInclude Include="Include\Component.h">
      <Filter>Game Objects</Filter>
    </ClInclude>
    <ClInclude Include="Include\Logger.h" />
    <ClInclude Include="Include\GameObjectFactory.h">
      <Filter>Game Objects</Filter>
    </ClInclude>
    <ClInclude Include="Include\Transform.h">
      <Filter>Game Objects</Filter>
    </ClInclude>
    <ClInclude Include="Include\Initialization.h">
      <Filter>Main Loop</Filter>
    </ClInclude>
    <ClInclude Include="Include\Process.h">
      <Filter>Main Loop</Filter>
    </ClInclude>
    <ClInclude Include="Include\ProcessManager.h">
      <Filter>Main Loop</Filter>
    </ClInclude>
    <ClInclude Include="Include\DelayedProcess.h">
      <Filter>Main Loop</Filter>
    </ClInclude>
    <ClInclude Include="Include\ZipFile.h">
      <Filter>Resource Cache</Filter>
    </ClInclude>
    <ClInclude Include="Include\ResourceCache.h">
      <Filter>Resource Cache</Filter>
    </ClInclude>
    <ClInclude Include="Include\Resource.h">
      <Filter>Resource Cache</Filter>
    </ClInclude>
    <ClInclude Include="Include\ResourceZipFile.h">
      <Filter>Resource Cache</Filter>
    </ClInclude>
    <ClInclude Include="Include\ResourceHandle.h">
      <Filter>Resource Cache</Filter>
    </ClInclude>
    <ClInclude Include="Include\DefaultResourceLoader.h">
      <Filter>Resource Cache</Filter>
    </ClInclude>
    <ClInclude Include="Include\D3DRenderer.h">
      <Filter>Graphics\Direct 3D</Filter>
    </ClInclude>
    <ClInclude Include="Include\D3DRenderer11.h">
      <Filter>Graphics\Direct 3D</Filter>
    </ClInclude>
    <ClInclude Include="Include\D3DLineDrawer11.h">
      <Filter>Graphics\Direct 3D</Filter>
    </ClInclude>
    <ClInclude Include="Include\Shaders.h">
      <Filter>Graphics\Direct 3D</Filter>
    </ClInclude>
    <ClInclude Include="Include\HumanView.h">
      <Filter>User Interface</Filter>
    </ClInclude>
    <ClInclude Include="Include\UserInterface.h">
      <Filter>User Interface</Filter>
    </ClInclude>
    <ClInclude Include="Include\Console.h">
      <Filter>User Interface</Filter>
    </ClInclude>
    <ClInclude Include="Include\MovementController.h">
      <Filter>Utilities</Filter>
    </ClInclude>
    <ClInclude Include="Include\Matrix.h">
      <Filter>Graphics\Geometry</Filter>
    </ClInclude>
    <ClInclude Include="Include\Vector.h">
      <Filter>Graphics\Geometry</Filter>
    </ClInclude>
    <ClInclude Include="Include\D3D9Vertex.h">
      <Filter>Graphics\Direct 3D</Filter>
    </ClInclude>
    <ClInclude Include="Include\D3D11Vertex.h">
      <Filter>Graphics\Direct 3D</Filter>
    </ClInclude>
    <ClInclude Include="Include\Quaternion.h">
      <Filter>Graphics\Geometry</Filter>
    </ClInclude>
    <ClInclude Include="Include\Frustrum.h">
      <Filter>Graphics\Geometry</Filter>
    </ClInclude>
    <ClInclude Include="Include\Plane.h">
      <Filter>Graphics\Geometry</Filter>
    </ClInclude>
    <ClInclude Include="Include\MessageBox.h">
      <Filter>User Interface</Filter>
    </ClInclude>
    <ClInclude Include="Include\Events.h">
      <Filter>Events</Filter>
    </ClInclude>
    <ClInclude Include="Include\BaseEvent.h">
      <Filter>Events</Filter>
    </ClInclude>
    <ClInclude Include="Include\EventManager.h">
      <Filter>Events</Filter>
    </ClInclude>
    <ClInclude Include="Include\LuaStateManager.h">
      <Filter>Scripting\Lua</Filter>
    </ClInclude>
    <ClInclude Include="Include\templates.h">
      <Filter>Utilities</Filter>
    </ClInclude>
    <ClInclude Include="Include\types.h">
      <Filter>Utilities</Filter>
    </ClInclude>
    <ClInclude Include="Include\LuaScriptExports.h">
      <Filter>Scripting\Lua</Filter>
    </ClInclude>
    <ClInclude Include="Include\LuaScriptProcess.h">
      <Filter>Scripting\Lua</Filter>
    </ClInclude>
    <ClInclude Include="Include\LuaScriptEvent.h">
      <Filter>Scripting\Lua</Filter>
    </ClInclude>
    <ClInclude Include="Include\ScriptComponent.h">
      <Filter>Game Objects\Components</Filter>
    </ClInclude>
    <ClInclude Include="Include\SoundResourceExtraData.h">
      <Filter>Audio</Filter>
    </ClInclude>
    <ClInclude Include="Include\WaveResourceLoader.h">
      <Filter>Audio</Filter>
    </ClInclude>
    <ClInclude Include="Include\AudioBuffer.h">
      <Filter>Audio</Filter>
    </ClInclude>
    <ClInclude Include="Include\Audio.h">
      <Filter>Audio</Filter>
    </ClInclude>
    <ClInclude Include="Include\DirectSoundAudio.h">
      <Filter>Audio\DirectSound</Filter>
    </ClInclude>
    <ClInclude Include="Include\DirectSoundAudioBuffer.h">
      <Filter>Audio\DirectSound</Filter>
    </ClInclude>
    <ClInclude Include="Include\SoundProcess.h">
      <Filter>Audio</Filter>
    </ClInclude>
    <ClInclude Include="Include\MemoryPool.h">
      <Filter>Utilities</Filter>
    </ClInclude>
    <ClInclude Include="Include\Material.h">
      <Filter>Graphics\Direct 3D</Filter>
    </ClInclude>
    <ClInclude Include="Include\D3DTextureResourceLoader.h">
      <Filter>Graphics\Direct 3D\Resources</Filter>
    </ClInclude>
    <ClInclude Include="Include\D3DTextureResourceExtraData.h">
      <Filter>Graphics\Direct 3D\Resources</Filter>
    </ClInclude>
    <ClInclude Include="Include\PhysicsComponent.h">
      <Filter>Game Objects\Components</Filter>
    </ClInclude>
    <ClInclude Include="Include\MathUtils.h">
      <Filter>Utilities</Filter>
    </ClInclude>
    <ClInclude Include="Include\SceneNodeProperties.h">
      <Filter>Graphics\Scene</Filter>
    </ClInclude>
    <ClInclude Include="Include\Scene.h">
      <Filter>Graphics\Scene</Filter>
    </ClInclude>
    <ClInclude Include="Include\SceneNode.h">
      <Filter>Graphics\Scene</Filter>
    </ClInclude>
    <ClInclude Include="Include\D3DSceneNode.h">
      <Filter>Graphics\Scene</Filter>
    </ClInclude>
    <ClInclude Include="Include\AlphaSceneNode.h">
      <Filter>Graphics\Scene</Filter>
    </ClInclude>
    <ClInclude Include="Include\LightManager.h">
      <Filter>Graphics\Lighting</Filter>
    </ClInclude>
    <ClInclude Include="Include\CameraNoda.h">
      <Filter>Graphics\Scene</Filter>
    </ClInclude>
    <ClInclude Include="Include\LightNode.h">
      <Filter>Graphics\Lighting</Filter>
    </ClInclude>
    <ClInclude Include="Include\RenderComponent.h">
      <Filter>Game Objects\Components</Filter>
    </ClInclude>
    <ClInclude Include="Include\RootNode.h">
      <Filter>Graphics\Scene</Filter>
    </ClInclude>
    <ClInclude Include="Include\BaseGameLogic.h">
      <Filter>Logic</Filter>
    </ClInclude>
    <ClInclude Include="Include\D3DRendererAlphaPass11.h">
      <Filter>Graphics\Direct 3D</Filter>
    </ClInclude>
    <ClInclude Include="Include\D3DRendererSkyBoxPass11.h">
      <Filter>Graphics\Direct 3D</Filter>
    </ClInclude>
    <ClInclude Include="Include\D3DRenderer9.h">
      <Filter>Graphics\Direct 3D</Filter>
    </ClInclude>
    <ClInclude Include="Include\D3DRendererSkyBoxPass9.h">
      <Filter>Graphics\Direct 3D</Filter>
    </ClInclude>
    <ClInclude Include="Include\D3DRendererAlphaPass9.h">
      <Filter>Graphics\Direct 3D</Filter>
    </ClInclude>
    <ClInclude Include="Include\XmlResource.h">
      <Filter>Resource Cache</Filter>
    </ClInclude>
    <ClInclude Include="Include\SkyNode.h">
      <Filter>Graphics\Scene\Sky</Filter>
    </ClInclude>
  </ItemGroup>
  <ItemGroup>
    <ClCompile Include="EngineStd.cpp" />
    <ClCompile Include="WindowsApp.cpp">
      <Filter>Application Layer\Windows</Filter>
    </ClCompile>
    <ClCompile Include="Random.cpp">
      <Filter>Utilities</Filter>
    </ClCompile>
    <ClCompile Include="GameObject.cpp">
      <Filter>Game Objects</Filter>
    </ClCompile>
    <ClCompile Include="WinMain.cpp">
      <Filter>Application Layer\Windows</Filter>
    </ClCompile>
    <ClCompile Include="StringUtil.cpp">
      <Filter>Utilities</Filter>
    </ClCompile>
    <ClCompile Include="GameObjectFactory.cpp">
      <Filter>Game Objects</Filter>
    </ClCompile>
    <ClCompile Include="Initialization.cpp">
      <Filter>Main Loop</Filter>
    </ClCompile>
    <ClCompile Include="Process.cpp">
      <Filter>Main Loop</Filter>
    </ClCompile>
    <ClCompile Include="ProcessManager.cpp">
      <Filter>Main Loop</Filter>
    </ClCompile>
    <ClCompile Include="ZipFile.cpp">
      <Filter>Resource Cache</Filter>
    </ClCompile>
    <ClCompile Include="ResourceCache.cpp">
      <Filter>Resource Cache</Filter>
    </ClCompile>
    <ClCompile Include="ResourceHandle.cpp">
      <Filter>Resource Cache</Filter>
    </ClCompile>
    <ClCompile Include="ResourceZipFile.cpp">
      <Filter>Resource Cache</Filter>
    </ClCompile>
    <ClCompile Include="D3DRenderer11.cpp">
      <Filter>Graphics\Direct 3D</Filter>
    </ClCompile>
    <ClCompile Include="D3DRenderer.cpp">
      <Filter>Graphics\Direct 3D</Filter>
    </ClCompile>
    <ClCompile Include="D3DLineDrawer11.cpp">
      <Filter>Graphics\Direct 3D</Filter>
    </ClCompile>
    <ClCompile Include="HumanView.cpp">
      <Filter>User Interface</Filter>
    </ClCompile>
    <ClCompile Include="Console.cpp">
      <Filter>User Interface</Filter>
    </ClCompile>
    <ClCompile Include="MovementController.cpp">
      <Filter>Utilities</Filter>
    </ClCompile>
    <ClCompile Include="Vector.cpp">
      <Filter>Graphics\Geometry</Filter>
    </ClCompile>
    <ClCompile Include="Matrix.cpp">
      <Filter>Graphics\Geometry</Filter>
    </ClCompile>
    <ClCompile Include="Quaternion.cpp">
      <Filter>Graphics\Geometry</Filter>
    </ClCompile>
    <ClCompile Include="Frustrum.cpp">
      <Filter>Graphics\Geometry</Filter>
    </ClCompile>
    <ClCompile Include="Plane.cpp">
      <Filter>Graphics\Geometry</Filter>
    </ClCompile>
    <ClCompile Include="MessageBox.cpp">
      <Filter>User Interface</Filter>
    </ClCompile>
    <ClCompile Include="Events.cpp">
      <Filter>Events</Filter>
    </ClCompile>
    <ClCompile Include="EventManager.cpp">
      <Filter>Events</Filter>
    </ClCompile>
    <ClCompile Include="LuaStateManager.cpp">
      <Filter>Scripting\Lua</Filter>
    </ClCompile>
    <ClCompile Include="LuaScriptExports.cpp">
      <Filter>Scripting\Lua</Filter>
    </ClCompile>
    <ClCompile Include="LuaScriptProcess.cpp">
      <Filter>Scripting\Lua</Filter>
    </ClCompile>
    <ClCompile Include="LuaScriptEvent.cpp">
      <Filter>Scripting\Lua</Filter>
    </ClCompile>
    <ClCompile Include="ScriptComponent.cpp">
      <Filter>Game Objects\Components</Filter>
    </ClCompile>
    <ClCompile Include="SoundResourceExtraData.cpp">
      <Filter>Audio</Filter>
    </ClCompile>
    <ClCompile Include="WaveResourceLoader.cpp">
      <Filter>Audio</Filter>
    </ClCompile>
    <ClCompile Include="AudioBuffer.cpp">
      <Filter>Audio</Filter>
    </ClCompile>
    <ClCompile Include="Audio.cpp">
      <Filter>Audio</Filter>
    </ClCompile>
    <ClCompile Include="DirectSoundAudio.cpp">
      <Filter>Audio\DirectSound</Filter>
    </ClCompile>
    <ClCompile Include="DirectSoundAudioBuffer.cpp">
      <Filter>Audio\DirectSound</Filter>
    </ClCompile>
    <ClCompile Include="SoundProcess.cpp">
      <Filter>Audio</Filter>
    </ClCompile>
    <ClCompile Include="MemoryPool.cpp">
      <Filter>Utilities</Filter>
    </ClCompile>
    <ClCompile Include="Material.cpp">
      <Filter>Graphics\Direct 3D</Filter>
    </ClCompile>
    <ClCompile Include="D3DTextureResourceExtraData.cpp">
      <Filter>Graphics\Direct 3D\Resources</Filter>
    </ClCompile>
    <ClCompile Include="D3DTextureResourceLoader.cpp">
      <Filter>Graphics\Direct 3D\Resources</Filter>
    </ClCompile>
    <ClCompile Include="MathUtils.cpp">
      <Filter>Utilities</Filter>
    </ClCompile>
    <ClCompile Include="Shaders.cpp">
      <Filter>Graphics\Direct 3D</Filter>
    </ClCompile>
    <ClCompile Include="SceneNodeProperties.cpp">
      <Filter>Graphics\Scene</Filter>
    </ClCompile>
    <ClCompile Include="SceneNode.cpp">
      <Filter>Graphics\Scene</Filter>
    </ClCompile>
    <ClCompile Include="D3DSceneNode.cpp">
      <Filter>Graphics\Scene</Filter>
    </ClCompile>
    <ClCompile Include="Scene.cpp">
      <Filter>Graphics\Scene</Filter>
    </ClCompile>
    <ClCompile Include="LightManager.cpp">
      <Filter>Graphics\Lighting</Filter>
    </ClCompile>
    <ClCompile Include="LightNode.cpp">
      <Filter>Graphics\Lighting</Filter>
    </ClCompile>
    <ClCompile Include="CameraNode.cpp">
      <Filter>Graphics\Scene</Filter>
    </ClCompile>
    <ClCompile Include="RenderComponent.cpp">
      <Filter>Game Objects\Components</Filter>
    </ClCompile>
    <ClCompile Include="RootNode.cpp">
      <Filter>Graphics\Scene</Filter>
    </ClCompile>
    <ClCompile Include="BaseGameLogic.cpp">
      <Filter>Logic</Filter>
    </ClCompile>
    <ClCompile Include="D3DRenderer9.cpp">
      <Filter>Graphics\Direct 3D</Filter>
    </ClCompile>
    <ClCompile Include="XmlResource.cpp">
      <Filter>Resource Cache</Filter>
    </ClCompile>
    <ClCompile Include="SkyNode.cpp">
      <Filter>Graphics\Scene\Sky</Filter>
    </ClCompile>
  </ItemGroup>
  <ItemGroup>
    <Filter Include="Utilities">
      <UniqueIdentifier>{fb8a3b55-873b-4485-a14e-dfa040305b89}</UniqueIdentifier>
    </Filter>
    <Filter Include="Game Objects">
      <UniqueIdentifier>{be3cc618-e5f1-4bcf-aa75-629a2b698ea5}</UniqueIdentifier>
    </Filter>
    <Filter Include="Graphics">
      <UniqueIdentifier>{b1bf7c61-0b95-4b7c-9a0f-0f47014bfccb}</UniqueIdentifier>
    </Filter>
    <Filter Include="Application Layer">
      <UniqueIdentifier>{7392e3b0-fed1-4af3-adee-237174cc66a6}</UniqueIdentifier>
    </Filter>
    <Filter Include="Application Layer\Windows">
      <UniqueIdentifier>{45e7bd0d-13bc-4e3b-b37b-714bc6c9a88f}</UniqueIdentifier>
    </Filter>
    <Filter Include="Main Loop">
      <UniqueIdentifier>{d346e151-de08-4e8f-a2e4-17e5264cfe3a}</UniqueIdentifier>
    </Filter>
    <Filter Include="Resource Cache">
      <UniqueIdentifier>{ec39fe67-bf41-4c54-a1a2-df240e015f77}</UniqueIdentifier>
    </Filter>
    <Filter Include="Graphics\Direct 3D">
      <UniqueIdentifier>{2a16b107-ace0-4b83-bc39-b722a4cd4f28}</UniqueIdentifier>
    </Filter>
    <Filter Include="User Interface">
      <UniqueIdentifier>{a7e016d7-8861-4a3d-a25d-b09c827df0d1}</UniqueIdentifier>
    </Filter>
    <Filter Include="Graphics\Geometry">
      <UniqueIdentifier>{0636e1e3-3bd5-4a6b-be39-8c6da537d074}</UniqueIdentifier>
    </Filter>
    <Filter Include="Events">
      <UniqueIdentifier>{c153890e-15a3-4f02-95b2-72f8cf013898}</UniqueIdentifier>
    </Filter>
    <Filter Include="Scripting">
      <UniqueIdentifier>{2c924f8a-bff5-4214-9397-86d220bd4573}</UniqueIdentifier>
    </Filter>
    <Filter Include="Scripting\Lua">
      <UniqueIdentifier>{10ed2409-eddc-44b5-814d-bec212c6f297}</UniqueIdentifier>
    </Filter>
    <Filter Include="Game Objects\Components">
      <UniqueIdentifier>{f90ad1ad-2d2e-468a-883e-ff2abf181640}</UniqueIdentifier>
    </Filter>
    <Filter Include="Audio">
      <UniqueIdentifier>{d4fb7d00-043d-4e24-85b6-28b6f9309cf0}</UniqueIdentifier>
    </Filter>
    <Filter Include="Audio\DirectSound">
      <UniqueIdentifier>{2a5b95df-1e5c-406c-9f12-d59d1dd67d2d}</UniqueIdentifier>
    </Filter>
    <Filter Include="Graphics\Direct 3D\Resources">
      <UniqueIdentifier>{124c3971-5cc2-4cbc-842e-e69ef6520f53}</UniqueIdentifier>
    </Filter>
    <Filter Include="Graphics\Direct 3D\Shaders">
      <UniqueIdentifier>{4b4add11-65b9-43fa-942c-413209af0957}</UniqueIdentifier>
    </Filter>
    <Filter Include="Physics">
      <UniqueIdentifier>{e04a17d6-36b3-415e-aa88-f9a7887043b9}</UniqueIdentifier>
    </Filter>
    <Filter Include="Graphics\Lighting">
      <UniqueIdentifier>{c64c9054-ed9d-476c-bf95-9ba13ebc1181}</UniqueIdentifier>
    </Filter>
    <Filter Include="Graphics\Scene">
      <UniqueIdentifier>{4f160d42-aa1b-4bbf-b033-699504e8fbce}</UniqueIdentifier>
    </Filter>
    <Filter Include="Logic">
      <UniqueIdentifier>{c1ceed2d-2795-45df-8853-9e17669f10e3}</UniqueIdentifier>
    </Filter>
    <Filter Include="Graphics\Scene\Sky">
      <UniqueIdentifier>{e089bf95-df31-4bcc-98f9-0241bda8561d}</UniqueIdentifier>
    </Filter>
  </ItemGroup>
</Project>