<?xml version="1.0" encoding="utf-8"?>
<Project ToolsVersion="4.0" xmlns="http://schemas.microsoft.com/developer/msbuild/2003">
  <ItemGroup>
    <ClInclude Include="Include\WindowsApp.h">
      <Filter>Application Layer\Windows</Filter>
    </ClInclude>
    <ClInclude Include="Include\EngineStd.h" />
    <ClInclude Include="Include\interfaces.h" />
    <ClInclude Include="Include\MemoryPool.h" />
    <ClInclude Include="Include\Random.h">
      <Filter>Utilities</Filter>
    </ClInclude>
    <ClInclude Include="Include\StringUtil.h">
      <Filter>Utilities</Filter>
    </ClInclude>
    <ClInclude Include="Include\GameObject.h">
      <Filter>Game Objects</Filter>
    </ClInclude>
    <ClInclude Include="Include\Component.h">
      <Filter>Game Objects</Filter>
    </ClInclude>
    <ClInclude Include="Include\Logger.h" />
    <ClInclude Include="Include\BaseGameLogic.h" />
    <ClInclude Include="Include\GameObjectFactory.h">
      <Filter>Game Objects</Filter>
    </ClInclude>
    <ClInclude Include="Include\Transform.h">
      <Filter>Game Objects</Filter>
    </ClInclude>
    <ClInclude Include="Include\Initialization.h">
      <Filter>Main Loop</Filter>
    </ClInclude>
    <ClInclude Include="Include\Process.h">
      <Filter>Main Loop</Filter>
    </ClInclude>
    <ClInclude Include="Include\ProcessManager.h">
      <Filter>Main Loop</Filter>
    </ClInclude>
    <ClInclude Include="Include\DelayedProcess.h">
      <Filter>Main Loop</Filter>
    </ClInclude>
    <ClInclude Include="Include\ZipFile.h">
      <Filter>Resource Cache</Filter>
    </ClInclude>
    <ClInclude Include="Include\ResourceCache.h">
      <Filter>Resource Cache</Filter>
    </ClInclude>
    <ClInclude Include="Include\Resource.h">
      <Filter>Resource Cache</Filter>
    </ClInclude>
    <ClInclude Include="Include\ResourceZipFile.h">
      <Filter>Resource Cache</Filter>
    </ClInclude>
    <ClInclude Include="Include\ResourceHandle.h">
      <Filter>Resource Cache</Filter>
    </ClInclude>
    <ClInclude Include="Include\DefaultResourceLoader.h">
      <Filter>Resource Cache</Filter>
    </ClInclude>
    <ClInclude Include="Include\D3DRenderer.h">
      <Filter>Graphics\Direct 3D</Filter>
    </ClInclude>
    <ClInclude Include="Include\D3DRenderer11.h">
      <Filter>Graphics\Direct 3D</Filter>
    </ClInclude>
    <ClInclude Include="Include\D3DLineDrawer11.h">
      <Filter>Graphics\Direct 3D</Filter>
    </ClInclude>
    <ClInclude Include="Include\Shaders.h">
      <Filter>Graphics\Direct 3D</Filter>
    </ClInclude>
    <ClInclude Include="Include\Scene.h">
      <Filter>Graphics</Filter>
    </ClInclude>
    <ClInclude Include="Include\HumanView.h">
      <Filter>User Interface</Filter>
    </ClInclude>
    <ClInclude Include="Include\UserInterface.h">
      <Filter>User Interface</Filter>
    </ClInclude>
    <ClInclude Include="Include\Console.h">
      <Filter>User Interface</Filter>
    </ClInclude>
    <ClInclude Include="Include\MovementController.h">
      <Filter>Utilities</Filter>
    </ClInclude>
    <ClInclude Include="Include\Matrix.h">
      <Filter>Graphics\Geometry</Filter>
    </ClInclude>
    <ClInclude Include="Include\Vector.h">
      <Filter>Graphics\Geometry</Filter>
    </ClInclude>
    <ClInclude Include="Include\D3D9Vertex.h">
      <Filter>Graphics\Direct 3D</Filter>
    </ClInclude>
    <ClInclude Include="Include\D3D11Vertex.h">
      <Filter>Graphics\Direct 3D</Filter>
    </ClInclude>
    <ClInclude Include="Include\Quaternion.h">
      <Filter>Graphics\Geometry</Filter>
    </ClInclude>
    <ClInclude Include="Include\Frustrum.h">
      <Filter>Graphics\Geometry</Filter>
    </ClInclude>
    <ClInclude Include="Include\Plane.h">
      <Filter>Graphics\Geometry</Filter>
    </ClInclude>
    <ClInclude Include="Include\MessageBox.h">
      <Filter>User Interface</Filter>
    </ClInclude>
    <ClInclude Include="Include\Math.h">
      <Filter>Utilities</Filter>
    </ClInclude>
    <ClInclude Include="Include\Events.h">
      <Filter>Events</Filter>
    </ClInclude>
    <ClInclude Include="Include\BaseEvent.h">
      <Filter>Events</Filter>
    </ClInclude>
    <ClInclude Include="Include\EventManager.h">
      <Filter>Events</Filter>
    </ClInclude>
    <ClInclude Include="Include\LuaStateManager.h">
      <Filter>Scripting\Lua</Filter>
    </ClInclude>
    <ClInclude Include="Include\templates.h">
      <Filter>Utilities</Filter>
    </ClInclude>
    <ClInclude Include="Include\types.h">
      <Filter>Utilities</Filter>
    </ClInclude>
    <ClInclude Include="Include\LuaScriptExports.h">
      <Filter>Scripting\Lua</Filter>
    </ClInclude>
    <ClInclude Include="Include\LuaScriptProcess.h">
      <Filter>Scripting\Lua</Filter>
    </ClInclude>
    <ClInclude Include="Include\LuaScriptEvent.h">
      <Filter>Scripting\Lua</Filter>
    </ClInclude>
  </ItemGroup>
  <ItemGroup>
    <ClCompile Include="EngineStd.cpp" />
    <ClCompile Include="WindowsApp.cpp">
      <Filter>Application Layer\Windows</Filter>
    </ClCompile>
    <ClCompile Include="Random.cpp">
      <Filter>Utilities</Filter>
    </ClCompile>
    <ClCompile Include="MemoryPool.cpp" />
    <ClCompile Include="GameObject.cpp">
      <Filter>Game Objects</Filter>
    </ClCompile>
    <ClCompile Include="WinMain.cpp">
      <Filter>Application Layer\Windows</Filter>
    </ClCompile>
    <ClCompile Include="StringUtil.cpp">
      <Filter>Utilities</Filter>
    </ClCompile>
    <ClCompile Include="GameObjectFactory.cpp">
      <Filter>Game Objects</Filter>
    </ClCompile>
    <ClCompile Include="Initialization.cpp">
      <Filter>Main Loop</Filter>
    </ClCompile>
    <ClCompile Include="Process.cpp">
      <Filter>Main Loop</Filter>
    </ClCompile>
    <ClCompile Include="ProcessManager.cpp">
      <Filter>Main Loop</Filter>
    </ClCompile>
    <ClCompile Include="ZipFile.cpp">
      <Filter>Resource Cache</Filter>
    </ClCompile>
    <ClCompile Include="ResourceCache.cpp">
      <Filter>Resource Cache</Filter>
    </ClCompile>
    <ClCompile Include="ResourceHandle.cpp">
      <Filter>Resource Cache</Filter>
    </ClCompile>
    <ClCompile Include="ResourceZipFile.cpp">
      <Filter>Resource Cache</Filter>
    </ClCompile>
    <ClCompile Include="D3DRenderer11.cpp">
      <Filter>Graphics\Direct 3D</Filter>
    </ClCompile>
    <ClCompile Include="D3DRenderer.cpp">
      <Filter>Graphics\Direct 3D</Filter>
    </ClCompile>
    <ClCompile Include="D3DLineDrawer11.cpp">
      <Filter>Graphics\Direct 3D</Filter>
    </ClCompile>
    <ClCompile Include="HumanView.cpp">
      <Filter>User Interface</Filter>
    </ClCompile>
    <ClCompile Include="Console.cpp">
      <Filter>User Interface</Filter>
    </ClCompile>
    <ClCompile Include="MovementController.cpp">
      <Filter>Utilities</Filter>
    </ClCompile>
    <ClCompile Include="Vector.cpp">
      <Filter>Graphics\Geometry</Filter>
    </ClCompile>
    <ClCompile Include="Matrix.cpp">
      <Filter>Graphics\Geometry</Filter>
    </ClCompile>
    <ClCompile Include="Quaternion.cpp">
      <Filter>Graphics\Geometry</Filter>
    </ClCompile>
    <ClCompile Include="Frustrum.cpp">
      <Filter>Graphics\Geometry</Filter>
    </ClCompile>
    <ClCompile Include="Plane.cpp">
      <Filter>Graphics\Geometry</Filter>
    </ClCompile>
    <ClCompile Include="MessageBox.cpp">
      <Filter>User Interface</Filter>
    </ClCompile>
    <ClCompile Include="Math.cpp">
      <Filter>Utilities</Filter>
    </ClCompile>
    <ClCompile Include="Events.cpp">
      <Filter>Events</Filter>
    </ClCompile>
    <ClCompile Include="EventManager.cpp">
      <Filter>Events</Filter>
    </ClCompile>
    <ClCompile Include="LuaStateManager.cpp">
      <Filter>Scripting\Lua</Filter>
    </ClCompile>
    <ClCompile Include="LuaScriptExports.cpp">
      <Filter>Scripting\Lua</Filter>
    </ClCompile>
    <ClCompile Include="LuaScriptProcess.cpp">
      <Filter>Scripting\Lua</Filter>
    </ClCompile>
    <ClCompile Include="LuaScriptEvent.cpp">
      <Filter>Scripting\Lua</Filter>
    </ClCompile>
  </ItemGroup>
  <ItemGroup>
    <Filter Include="Utilities">
      <UniqueIdentifier>{fb8a3b55-873b-4485-a14e-dfa040305b89}</UniqueIdentifier>
    </Filter>
    <Filter Include="Game Objects">
      <UniqueIdentifier>{be3cc618-e5f1-4bcf-aa75-629a2b698ea5}</UniqueIdentifier>
    </Filter>
    <Filter Include="Graphics">
      <UniqueIdentifier>{b1bf7c61-0b95-4b7c-9a0f-0f47014bfccb}</UniqueIdentifier>
    </Filter>
    <Filter Include="Application Layer">
      <UniqueIdentifier>{7392e3b0-fed1-4af3-adee-237174cc66a6}</UniqueIdentifier>
    </Filter>
    <Filter Include="Application Layer\Windows">
      <UniqueIdentifier>{45e7bd0d-13bc-4e3b-b37b-714bc6c9a88f}</UniqueIdentifier>
    </Filter>
    <Filter Include="Main Loop">
      <UniqueIdentifier>{d346e151-de08-4e8f-a2e4-17e5264cfe3a}</UniqueIdentifier>
    </Filter>
    <Filter Include="Resource Cache">
      <UniqueIdentifier>{ec39fe67-bf41-4c54-a1a2-df240e015f77}</UniqueIdentifier>
    </Filter>
    <Filter Include="Graphics\Direct 3D">
      <UniqueIdentifier>{2a16b107-ace0-4b83-bc39-b722a4cd4f28}</UniqueIdentifier>
    </Filter>
    <Filter Include="User Interface">
      <UniqueIdentifier>{a7e016d7-8861-4a3d-a25d-b09c827df0d1}</UniqueIdentifier>
    </Filter>
    <Filter Include="Graphics\Geometry">
      <UniqueIdentifier>{0636e1e3-3bd5-4a6b-be39-8c6da537d074}</UniqueIdentifier>
    </Filter>
    <Filter Include="Events">
      <UniqueIdentifier>{c153890e-15a3-4f02-95b2-72f8cf013898}</UniqueIdentifier>
    </Filter>
    <Filter Include="Scripting">
      <UniqueIdentifier>{2c924f8a-bff5-4214-9397-86d220bd4573}</UniqueIdentifier>
    </Filter>
    <Filter Include="Scripting\Lua">
      <UniqueIdentifier>{10ed2409-eddc-44b5-814d-bec212c6f297}</UniqueIdentifier>
    </Filter>
  </ItemGroup>
</Project>