<?xml version="1.0" encoding="utf-8"?>
<Project ToolsVersion="4.0" xmlns="http://schemas.microsoft.com/developer/msbuild/2003">
  <ItemGroup>
    <ClInclude Include="Include\WindowsApp.h">
      <Filter>Application Layer\Windows</Filter>
    </ClInclude>
    <ClInclude Include="Include\EngineStd.h" />
    <ClInclude Include="Include\interfaces.h" />
    <ClInclude Include="Include\MemoryPool.h" />
    <ClInclude Include="Include\types.h" />
    <ClInclude Include="Include\Random.h">
      <Filter>Utilities</Filter>
    </ClInclude>
    <ClInclude Include="Include\StringUtil.h">
      <Filter>Utilities</Filter>
    </ClInclude>
    <ClInclude Include="Include\GameObject.h">
      <Filter>Game Objects</Filter>
    </ClInclude>
    <ClInclude Include="Include\Component.h">
      <Filter>Game Objects</Filter>
    </ClInclude>
    <ClInclude Include="Include\Logger.h" />
    <ClInclude Include="Include\BaseGameLogic.h" />
    <ClInclude Include="Include\GameObjectFactory.h">
      <Filter>Game Objects</Filter>
    </ClInclude>
    <ClInclude Include="Include\Geometry.h">
      <Filter>Graphics</Filter>
    </ClInclude>
    <ClInclude Include="Include\Transform.h">
      <Filter>Game Objects</Filter>
    </ClInclude>
    <ClInclude Include="Include\Initialization.h">
      <Filter>Main Loop</Filter>
    </ClInclude>
    <ClInclude Include="Include\Process.h">
      <Filter>Main Loop</Filter>
    </ClInclude>
    <ClInclude Include="Include\ProcessManager.h">
      <Filter>Main Loop</Filter>
    </ClInclude>
    <ClInclude Include="Include\DelayedProcess.h">
      <Filter>Main Loop</Filter>
    </ClInclude>
    <ClInclude Include="Include\ZipFile.h">
      <Filter>Resource Cache</Filter>
    </ClInclude>
  </ItemGroup>
  <ItemGroup>
    <ClCompile Include="EngineStd.cpp" />
    <ClCompile Include="WindowsApp.cpp">
      <Filter>Application Layer\Windows</Filter>
    </ClCompile>
    <ClCompile Include="Random.cpp">
      <Filter>Utilities</Filter>
    </ClCompile>
    <ClCompile Include="MemoryPool.cpp" />
    <ClCompile Include="GameObject.cpp">
      <Filter>Game Objects</Filter>
    </ClCompile>
    <ClCompile Include="WinMain.cpp">
      <Filter>Application Layer\Windows</Filter>
    </ClCompile>
    <ClCompile Include="StringUtil.cpp">
      <Filter>Utilities</Filter>
    </ClCompile>
    <ClCompile Include="GameObjectFactory.cpp">
      <Filter>Game Objects</Filter>
    </ClCompile>
    <ClCompile Include="Geometry.cpp">
      <Filter>Graphics</Filter>
    </ClCompile>
    <ClCompile Include="Initialization.cpp">
      <Filter>Main Loop</Filter>
    </ClCompile>
    <ClCompile Include="Process.cpp">
      <Filter>Main Loop</Filter>
    </ClCompile>
    <ClCompile Include="ProcessManager.cpp">
      <Filter>Main Loop</Filter>
    </ClCompile>
    <ClCompile Include="ZipFile.cpp">
      <Filter>Resource Cache</Filter>
    </ClCompile>
  </ItemGroup>
  <ItemGroup>
    <Filter Include="Utilities">
      <UniqueIdentifier>{fb8a3b55-873b-4485-a14e-dfa040305b89}</UniqueIdentifier>
    </Filter>
    <Filter Include="Game Objects">
      <UniqueIdentifier>{be3cc618-e5f1-4bcf-aa75-629a2b698ea5}</UniqueIdentifier>
    </Filter>
    <Filter Include="Graphics">
      <UniqueIdentifier>{b1bf7c61-0b95-4b7c-9a0f-0f47014bfccb}</UniqueIdentifier>
    </Filter>
    <Filter Include="Application Layer">
      <UniqueIdentifier>{7392e3b0-fed1-4af3-adee-237174cc66a6}</UniqueIdentifier>
    </Filter>
    <Filter Include="Application Layer\Windows">
      <UniqueIdentifier>{45e7bd0d-13bc-4e3b-b37b-714bc6c9a88f}</UniqueIdentifier>
    </Filter>
    <Filter Include="Main Loop">
      <UniqueIdentifier>{d346e151-de08-4e8f-a2e4-17e5264cfe3a}</UniqueIdentifier>
    </Filter>
    <Filter Include="Resource Cache">
      <UniqueIdentifier>{ec39fe67-bf41-4c54-a1a2-df240e015f77}</UniqueIdentifier>
    </Filter>
  </ItemGroup>
</Project>